{
  "name": "timesimp",
  "version": "1.0.2",
  "lockfileVersion": 3,
  "requires": true,
  "packages": {
    "": {
      "name": "timesimp",
      "version": "1.0.2",
      "license": "Apache-2.0 OR MIT",
      "devDependencies": {
        "@napi-rs/cli": "^2.18.4",
        "@types/node": "^22.13.13",
        "typedoc": "^0.28.1"
      },
      "engines": {
        "node": ">= 10"
      },
      "optionalDependencies": {
        "@passcod/timesimp-android-arm-eabi": "1.0.2",
        "@passcod/timesimp-android-arm64": "1.0.2",
        "@passcod/timesimp-darwin-arm64": "1.0.2",
        "@passcod/timesimp-darwin-universal": "1.0.2",
        "@passcod/timesimp-darwin-x64": "1.0.2",
        "@passcod/timesimp-linux-arm-gnueabihf": "1.0.2",
        "@passcod/timesimp-linux-arm-musleabihf": "1.0.2",
        "@passcod/timesimp-linux-arm64-gnu": "1.0.2",
        "@passcod/timesimp-linux-arm64-musl": "1.0.2",
        "@passcod/timesimp-linux-riscv64-gnu": "1.0.2",
        "@passcod/timesimp-linux-x64-gnu": "1.0.2",
        "@passcod/timesimp-linux-x64-musl": "1.0.2",
        "@passcod/timesimp-win32-arm64-msvc": "1.0.2",
        "@passcod/timesimp-win32-x64-msvc": "1.0.2"
      }
    },
    "node_modules/@gerrit0/mini-shiki": {
      "version": "3.2.1",
      "resolved": "https://registry.npmjs.org/@gerrit0/mini-shiki/-/mini-shiki-3.2.1.tgz",
      "integrity": "sha512-HbzRC6MKB6U8kQhczz0APKPIzFHTrcqhaC7es2EXInq1SpjPVnpVSIsBe6hNoLWqqCx1n5VKiPXq6PfXnHZKOQ==",
      "dev": true,
      "license": "MIT",
      "dependencies": {
        "@shikijs/engine-oniguruma": "^3.2.1",
        "@shikijs/types": "^3.2.1",
        "@shikijs/vscode-textmate": "^10.0.2"
      }
    },
    "node_modules/@napi-rs/cli": {
      "version": "2.18.4",
      "resolved": "https://registry.npmjs.org/@napi-rs/cli/-/cli-2.18.4.tgz",
      "integrity": "sha512-SgJeA4df9DE2iAEpr3M2H0OKl/yjtg1BnRI5/JyowS71tUWhrfSu2LT0V3vlHET+g1hBVlrO60PmEXwUEKp8Mg==",
      "dev": true,
      "license": "MIT",
      "bin": {
        "napi": "scripts/index.js"
      },
      "engines": {
        "node": ">= 10"
      },
      "funding": {
        "type": "github",
        "url": "https://github.com/sponsors/Brooooooklyn"
      }
    },
    "node_modules/@passcod/timesimp-android-arm-eabi": {
      "version": "1.0.2",
      "resolved": "https://registry.npmjs.org/@passcod/timesimp-android-arm-eabi/-/timesimp-android-arm-eabi-1.0.2.tgz",
      "integrity": "sha512-sWRNixpwOiaGvIXZ6DSy6tqk9tgr7FQzRR6U8suc2TVqe+QVIszZ64f8uCncK18hi0Epsb64v+BqvTNyvvFoIQ==",
      "cpu": [
        "arm"
      ],
      "license": "MIT",
      "optional": true,
      "os": [
        "android"
      ],
      "engines": {
        "node": ">= 10"
      }
    },
    "node_modules/@passcod/timesimp-android-arm64": {
      "version": "1.0.2",
      "resolved": "https://registry.npmjs.org/@passcod/timesimp-android-arm64/-/timesimp-android-arm64-1.0.2.tgz",
      "integrity": "sha512-hQtepuIpjKoZ+xSlJLiFPvudL130SkSuU2Q5lqJJxjFrc/0C34kmPowf7Dd6Gh755PZ/WO8bzB2yz18deZoJQA==",
      "cpu": [
        "arm64"
      ],
      "license": "MIT",
      "optional": true,
      "os": [
        "android"
      ],
      "engines": {
        "node": ">= 10"
      }
    },
    "node_modules/@passcod/timesimp-darwin-arm64": {
      "version": "1.0.2",
      "resolved": "https://registry.npmjs.org/@passcod/timesimp-darwin-arm64/-/timesimp-darwin-arm64-1.0.2.tgz",
      "integrity": "sha512-qMVvdsPQ1lE2sMZ4/RoM01xa3h/gyM7XoVw8jkdXOUxZ7ZliC5DSodt+3pCVKy5tB9FWjehCeMtyFxoxTM6a2Q==",
      "cpu": [
        "arm64"
      ],
      "license": "MIT",
      "optional": true,
      "os": [
        "darwin"
      ],
      "engines": {
        "node": ">= 10"
      }
    },
    "node_modules/@passcod/timesimp-darwin-universal": {
      "version": "1.0.2",
      "resolved": "https://registry.npmjs.org/@passcod/timesimp-darwin-universal/-/timesimp-darwin-universal-1.0.2.tgz",
      "integrity": "sha512-YeUNsU3vQtFY3NSqM/ZMjZolwd1D5smSu2SybFPxoPUDqISx5hmxXnQcJRvozUUTZwPj6+pmkfmiuejYylGWLQ==",
      "license": "MIT",
      "optional": true,
      "os": [
        "darwin"
      ],
      "engines": {
        "node": ">= 10"
      }
    },
    "node_modules/@passcod/timesimp-darwin-x64": {
      "version": "1.0.2",
      "resolved": "https://registry.npmjs.org/@passcod/timesimp-darwin-x64/-/timesimp-darwin-x64-1.0.2.tgz",
      "integrity": "sha512-k8gu+ECsUYl15Cw21MDhE6ALvtl5IzcGwFNAWgHNOhWqqBBlCJozfDGSwOnkAVEtvRcM+5SYBRwkV+nayEDGhg==",
      "cpu": [
        "x64"
      ],
      "license": "MIT",
      "optional": true,
      "os": [
        "darwin"
      ],
      "engines": {
        "node": ">= 10"
      }
    },
    "node_modules/@passcod/timesimp-linux-arm-gnueabihf": {
      "version": "1.0.2",
      "resolved": "https://registry.npmjs.org/@passcod/timesimp-linux-arm-gnueabihf/-/timesimp-linux-arm-gnueabihf-1.0.2.tgz",
      "integrity": "sha512-wzTAQY6s+rYmVEzEk4psR29cwPqmnq3eMA2/sisu6kN57KvUQFbkA4MxpWoMySOKvqbSlBGDJq28v4tGGq6aHA==",
      "cpu": [
        "arm"
      ],
      "license": "MIT",
      "optional": true,
      "os": [
        "linux"
      ],
      "engines": {
        "node": ">= 10"
      }
    },
    "node_modules/@passcod/timesimp-linux-arm-musleabihf": {
      "version": "1.0.2",
      "resolved": "https://registry.npmjs.org/@passcod/timesimp-linux-arm-musleabihf/-/timesimp-linux-arm-musleabihf-1.0.2.tgz",
      "integrity": "sha512-oqEKbcIc9MF3bn6pB43UkyCZi8D71NV+mGyG+uxaaMJndPzqAPQgVoxbry/GRLmt3qBuLdEm47kwRTElkFYUSw==",
      "cpu": [
        "arm"
      ],
      "license": "MIT",
      "optional": true,
      "os": [
        "linux"
      ],
      "engines": {
        "node": ">= 10"
      }
    },
    "node_modules/@passcod/timesimp-linux-arm64-gnu": {
      "version": "1.0.2",
      "resolved": "https://registry.npmjs.org/@passcod/timesimp-linux-arm64-gnu/-/timesimp-linux-arm64-gnu-1.0.2.tgz",
      "integrity": "sha512-WqYB4MO4BW98qolMprKKQrAl3nmbL16Tv491lqCcET56P9zfAY9iWAwWSRjuXnmpbyQ0AY+I1js7iIZgQ5oUww==",
      "cpu": [
        "arm64"
      ],
      "license": "MIT",
      "optional": true,
      "os": [
        "linux"
      ],
      "engines": {
        "node": ">= 10"
      }
    },
    "node_modules/@passcod/timesimp-linux-arm64-musl": {
      "version": "1.0.2",
      "resolved": "https://registry.npmjs.org/@passcod/timesimp-linux-arm64-musl/-/timesimp-linux-arm64-musl-1.0.2.tgz",
      "integrity": "sha512-AF2buVRHBEQGg9YY869YA+yv8+LXZrZcpl8pEeuA4QXF9vFdOEJgu6zv0NOPolXbChe358BWwvrY4Ouy3rNxwQ==",
      "cpu": [
        "arm64"
      ],
      "license": "MIT",
      "optional": true,
      "os": [
        "linux"
      ],
      "engines": {
        "node": ">= 10"
      }
    },
    "node_modules/@passcod/timesimp-linux-riscv64-gnu": {
      "version": "1.0.2",
      "resolved": "https://registry.npmjs.org/@passcod/timesimp-linux-riscv64-gnu/-/timesimp-linux-riscv64-gnu-1.0.2.tgz",
      "integrity": "sha512-a9KNmg/T1Hd6gKlzy5DxAYntOZRx3ZIn1CK5jUQbsUmUJ9cjG21GgwZEAmI1DpFYLdUBnOmXelN8AUuW3kC26w==",
      "cpu": [
        "riscv64"
      ],
      "license": "MIT",
      "optional": true,
      "os": [
        "linux"
      ],
      "engines": {
        "node": ">= 10"
      }
    },
    "node_modules/@passcod/timesimp-linux-x64-gnu": {
      "version": "1.0.2",
      "resolved": "https://registry.npmjs.org/@passcod/timesimp-linux-x64-gnu/-/timesimp-linux-x64-gnu-1.0.2.tgz",
      "integrity": "sha512-Iwi42ymrC9VdqUyyTjZUoYs5so1IQ0yfpbsciifL68D5WC23kIp3gZm5Nw/k940PSv3eVvxTZ1qJrxFR3AFC2A==",
      "cpu": [
        "x64"
      ],
      "license": "MIT",
      "optional": true,
      "os": [
        "linux"
      ],
      "engines": {
        "node": ">= 10"
      }
    },
    "node_modules/@passcod/timesimp-linux-x64-musl": {
      "version": "1.0.2",
      "resolved": "https://registry.npmjs.org/@passcod/timesimp-linux-x64-musl/-/timesimp-linux-x64-musl-1.0.2.tgz",
      "integrity": "sha512-sMDpo/Gdnueo0+h1mPQpADuNLVAZDi/FFcPfUC4o2J7je98kjBnVy1FlqDp8Sc32iD4B9avY3O50EogKTDNPEw==",
      "cpu": [
        "x64"
      ],
      "license": "MIT",
      "optional": true,
      "os": [
        "linux"
      ],
      "engines": {
        "node": ">= 10"
      }
    },
    "node_modules/@passcod/timesimp-win32-arm64-msvc": {
      "version": "1.0.2",
      "resolved": "https://registry.npmjs.org/@passcod/timesimp-win32-arm64-msvc/-/timesimp-win32-arm64-msvc-1.0.2.tgz",
      "integrity": "sha512-NuF6qX60U8XeiFZCPvoV0AgxMaFL9WPvL0b06dpa0wlzz0I25fqy8ghlNBIhQck7okBcFhP1pjykEWZ9F4J7Hg==",
      "cpu": [
        "arm64"
      ],
      "license": "MIT",
      "optional": true,
      "os": [
        "win32"
      ],
      "engines": {
        "node": ">= 10"
      }
    },
    "node_modules/@passcod/timesimp-win32-x64-msvc": {
      "version": "1.0.2",
      "resolved": "https://registry.npmjs.org/@passcod/timesimp-win32-x64-msvc/-/timesimp-win32-x64-msvc-1.0.2.tgz",
      "integrity": "sha512-U7u/Gog+eN3Gd8BOkCUdW/x4VuK7vy6hYWmhNZMhxCc7j5qfdY77luf/ZdZJtkBuQsCfUUPuNBrwSPT/hpKvqw==",
      "cpu": [
        "x64"
      ],
      "license": "MIT",
      "optional": true,
      "os": [
        "win32"
      ],
      "engines": {
        "node": ">= 10"
      }
    },
    "node_modules/@shikijs/engine-oniguruma": {
      "version": "3.2.1",
      "resolved": "https://registry.npmjs.org/@shikijs/engine-oniguruma/-/engine-oniguruma-3.2.1.tgz",
      "integrity": "sha512-wZZAkayEn6qu2+YjenEoFqj0OyQI64EWsNR6/71d1EkG4sxEOFooowKivsWPpaWNBu3sxAG+zPz5kzBL/SsreQ==",
      "dev": true,
      "license": "MIT",
      "dependencies": {
        "@shikijs/types": "3.2.1",
        "@shikijs/vscode-textmate": "^10.0.2"
      }
    },
    "node_modules/@shikijs/types": {
      "version": "3.2.1",
      "resolved": "https://registry.npmjs.org/@shikijs/types/-/types-3.2.1.tgz",
      "integrity": "sha512-/NTWAk4KE2M8uac0RhOsIhYQf4pdU0OywQuYDGIGAJ6Mjunxl2cGiuLkvu4HLCMn+OTTLRWkjZITp+aYJv60yA==",
      "dev": true,
      "license": "MIT",
      "dependencies": {
        "@shikijs/vscode-textmate": "^10.0.2",
        "@types/hast": "^3.0.4"
      }
    },
    "node_modules/@shikijs/vscode-textmate": {
      "version": "10.0.2",
      "resolved": "https://registry.npmjs.org/@shikijs/vscode-textmate/-/vscode-textmate-10.0.2.tgz",
      "integrity": "sha512-83yeghZ2xxin3Nj8z1NMd/NCuca+gsYXswywDy5bHvwlWL8tpTQmzGeUuHd9FC3E/SBEMvzJRwWEOz5gGes9Qg==",
      "dev": true,
      "license": "MIT"
    },
    "node_modules/@types/hast": {
      "version": "3.0.4",
      "resolved": "https://registry.npmjs.org/@types/hast/-/hast-3.0.4.tgz",
      "integrity": "sha512-WPs+bbQw5aCj+x6laNGWLH3wviHtoCv/P3+otBhbOhJgG8qtpdAMlTCxLtsTWA7LH1Oh/bFCHsBn0TPS5m30EQ==",
      "dev": true,
      "license": "MIT",
      "dependencies": {
        "@types/unist": "*"
      }
    },
    "node_modules/@types/node": {
      "version": "22.13.13",
      "resolved": "https://registry.npmjs.org/@types/node/-/node-22.13.13.tgz",
      "integrity": "sha512-ClsL5nMwKaBRwPcCvH8E7+nU4GxHVx1axNvMZTFHMEfNI7oahimt26P5zjVCRrjiIWj6YFXfE1v3dEp94wLcGQ==",
      "dev": true,
      "license": "MIT",
      "dependencies": {
        "undici-types": "~6.20.0"
      }
    },
    "node_modules/@types/unist": {
      "version": "3.0.3",
      "resolved": "https://registry.npmjs.org/@types/unist/-/unist-3.0.3.tgz",
      "integrity": "sha512-ko/gIFJRv177XgZsZcBwnqJN5x/Gien8qNOn0D5bQU/zAzVf9Zt3BlcUiLqhV9y4ARk0GbT3tnUiPNgnTXzc/Q==",
      "dev": true,
      "license": "MIT"
    },
    "node_modules/balanced-match": {
      "version": "1.0.2",
      "dev": true,
      "license": "MIT"
    },
    "node_modules/brace-expansion": {
      "version": "2.0.1",
      "dev": true,
      "license": "MIT",
      "dependencies": {
        "balanced-match": "^1.0.0"
      }
    },
    "node_modules/entities": {
      "version": "4.5.0",
      "resolved": "https://registry.npmjs.org/entities/-/entities-4.5.0.tgz",
      "integrity": "sha512-V0hjH4dGPh9Ao5p0MoRY6BVqtwCjhz6vI5LT8AJ55H+4g9/4vbHx1I54fS0XuclLhDHArPQCiMjDxjaL8fPxhw==",
      "dev": true,
      "license": "BSD-2-Clause",
      "engines": {
        "node": ">=0.12"
      },
      "funding": {
        "url": "https://github.com/fb55/entities?sponsor=1"
      }
    },
    "node_modules/linkify-it": {
      "version": "5.0.0",
      "resolved": "https://registry.npmjs.org/linkify-it/-/linkify-it-5.0.0.tgz",
      "integrity": "sha512-5aHCbzQRADcdP+ATqnDuhhJ/MRIqDkZX5pyjFHRRysS8vZ5AbqGEoFIb6pYHPZ+L/OC2Lc+xT8uHVVR5CAK/wQ==",
      "dev": true,
      "license": "MIT",
      "dependencies": {
        "uc.micro": "^2.0.0"
      }
    },
    "node_modules/lunr": {
      "version": "2.3.9",
      "resolved": "https://registry.npmjs.org/lunr/-/lunr-2.3.9.tgz",
      "integrity": "sha512-zTU3DaZaF3Rt9rhN3uBMGQD3dD2/vFQqnvZCDv4dl5iOzq2IZQqTxu90r4E5J+nP70J3ilqVCrbho2eWaeW8Ow==",
      "dev": true,
      "license": "MIT"
    },
    "node_modules/markdown-it": {
      "version": "14.1.0",
      "resolved": "https://registry.npmjs.org/markdown-it/-/markdown-it-14.1.0.tgz",
      "integrity": "sha512-a54IwgWPaeBCAAsv13YgmALOF1elABB08FxO9i+r4VFk5Vl4pKokRPeX8u5TCgSsPi6ec1otfLjdOpVcgbpshg==",
      "dev": true,
      "license": "MIT",
      "dependencies": {
        "argparse": "^2.0.1",
        "entities": "^4.4.0",
        "linkify-it": "^5.0.0",
        "mdurl": "^2.0.0",
        "punycode.js": "^2.3.1",
        "uc.micro": "^2.1.0"
      },
      "bin": {
        "markdown-it": "bin/markdown-it.mjs"
      }
    },
    "node_modules/markdown-it/node_modules/argparse": {
      "version": "2.0.1",
      "resolved": "https://registry.npmjs.org/argparse/-/argparse-2.0.1.tgz",
      "integrity": "sha512-8+9WqebbFzpX9OR+Wa6O29asIogeRMzcGtAINdpMHHyAg10f05aSFVBbcEqGf/PXw1EjAZ+q2/bEBg3DvurK3Q==",
      "dev": true,
      "license": "Python-2.0"
    },
    "node_modules/mdurl": {
      "version": "2.0.0",
      "resolved": "https://registry.npmjs.org/mdurl/-/mdurl-2.0.0.tgz",
      "integrity": "sha512-Lf+9+2r+Tdp5wXDXC4PcIBjTDtq4UKjCPMQhKIuzpJNW0b96kVqSwW0bT7FhRSfmAiFYgP+SCRvdrDozfh0U5w==",
      "dev": true,
      "license": "MIT"
    },
    "node_modules/minimatch": {
      "version": "9.0.5",
      "dev": true,
      "license": "ISC",
      "dependencies": {
        "brace-expansion": "^2.0.1"
      },
      "engines": {
        "node": ">=16 || 14 >=14.17"
      },
      "funding": {
        "url": "https://github.com/sponsors/isaacs"
      }
    },
    "node_modules/punycode.js": {
      "version": "2.3.1",
      "resolved": "https://registry.npmjs.org/punycode.js/-/punycode.js-2.3.1.tgz",
      "integrity": "sha512-uxFIHU0YlHYhDQtV4R9J6a52SLx28BCjT+4ieh7IGbgwVJWO+km431c4yRlREUAsAmt/uMjQUyQHNEPf0M39CA==",
      "dev": true,
      "license": "MIT",
      "engines": {
        "node": ">=6"
      }
    },
    "node_modules/typedoc": {
      "version": "0.28.1",
      "resolved": "https://registry.npmjs.org/typedoc/-/typedoc-0.28.1.tgz",
      "integrity": "sha512-Mn2VPNMaxoe/hlBiLriG4U55oyAa3Xo+8HbtEwV7F5WEOPXqtxzGuMZhJYHaqFJpajeQ6ZDUC2c990NAtTbdgw==",
      "dev": true,
      "license": "Apache-2.0",
      "dependencies": {
        "@gerrit0/mini-shiki": "^3.2.1",
        "lunr": "^2.3.9",
        "markdown-it": "^14.1.0",
        "minimatch": "^9.0.5",
        "yaml": "^2.7.0 "
      },
      "bin": {
        "typedoc": "bin/typedoc"
      },
      "engines": {
        "node": ">= 18",
        "pnpm": ">= 10"
      },
      "peerDependencies": {
        "typescript": "5.0.x || 5.1.x || 5.2.x || 5.3.x || 5.4.x || 5.5.x || 5.6.x || 5.7.x || 5.8.x"
      }
    },
    "node_modules/typescript": {
      "version": "5.8.2",
      "resolved": "https://registry.npmjs.org/typescript/-/typescript-5.8.2.tgz",
      "integrity": "sha512-aJn6wq13/afZp/jT9QZmwEjDqqvSGp1VT5GVg+f/t6/oVyrgXM6BY1h9BRh/O5p3PlUPAe+WuiEZOmb/49RqoQ==",
      "dev": true,
      "license": "Apache-2.0",
      "peer": true,
      "bin": {
        "tsc": "bin/tsc",
        "tsserver": "bin/tsserver"
      },
      "engines": {
        "node": ">=14.17"
      }
    },
    "node_modules/uc.micro": {
      "version": "2.1.0",
      "resolved": "https://registry.npmjs.org/uc.micro/-/uc.micro-2.1.0.tgz",
      "integrity": "sha512-ARDJmphmdvUk6Glw7y9DQ2bFkKBHwQHLi2lsaH6PPmz/Ka9sFOBsBluozhDltWmnv9u/cF6Rt87znRTPV+yp/A==",
      "dev": true,
      "license": "MIT"
    },
    "node_modules/undici-types": {
      "version": "6.20.0",
      "resolved": "https://registry.npmjs.org/undici-types/-/undici-types-6.20.0.tgz",
      "integrity": "sha512-Ny6QZ2Nju20vw1SRHe3d9jVu6gJ+4e3+MMpqu7pqE5HT6WsTSlce++GQmK5UXS8mzV8DSYHrQH+Xrf2jVcuKNg==",
      "dev": true,
      "license": "MIT"
    },
    "node_modules/yaml": {
      "version": "2.7.0",
      "resolved": "https://registry.npmjs.org/yaml/-/yaml-2.7.0.tgz",
      "integrity": "sha512-+hSoy/QHluxmC9kCIJyL/uyFmLmc+e5CFR5Wa+bpIhIj85LVb9ZH2nVnqrHoSvKogwODv0ClqZkmiSSaIH5LTA==",
      "dev": true,
      "license": "ISC",
      "bin": {
        "yaml": "bin.mjs"
      },
      "engines": {
        "node": ">= 14"
      }
    }
  }
}
